
Microsoft Visual Studio Solution File, Format Version 12.00
# Visual Studio Version 17
VisualStudioVersion = 17.14.36414.22
MinimumVisualStudioVersion = 10.0.40219.1
Project("{FAE04EC0-301F-11D3-BF4B-00C04F79EFBC}") = "Lab1", "lab1\Lab1.csproj", "{6F9E3C07-152A-4FB1-9241-DF3F032DFD17}"
EndProject
Project("{2150E333-8FDC-42A3-9474-1A3956D46DE8}") = "Lab1", "Lab1", "{36D591C7-65C7-A0D1-1CBC-10CDE441BDC8}"
EndProject
Project("{2150E333-8FDC-42A3-9474-1A3956D46DE8}") = "Lab2", "Lab2", "{4DB0917B-A97B-4AF8-B0CC-2E4AA6D00952}"
EndProject
Project("{FAE04EC0-301F-11D3-BF4B-00C04F79EFBC}") = "Lab2", "Lab2\Lab2.csproj", "{158D5EC3-A5F8-492A-A8E8-0935184AAAC3}"
EndProject
Project("{2150E333-8FDC-42A3-9474-1A3956D46DE8}") = "Lab3", "Lab3", "{646E9406-878D-4F17-A26A-4CB6E3586B86}"
EndProject
Project("{FAE04EC0-301F-11D3-BF4B-00C04F79EFBC}") = "Lab3", "Lab3\Lab3.csproj", "{8ECF1FA0-97F3-42F9-B47C-35811F329F36}"
EndProject
Project("{2150E333-8FDC-42A3-9474-1A3956D46DE8}") = "Lab4", "Lab4", "{BCE5A11C-778F-4796-AFBC-D7D888F16734}"
EndProject
Project("{FAE04EC0-301F-11D3-BF4B-00C04F79EFBC}") = "Lab4", "Lab4\Lab4.csproj", "{3771FA61-C2E4-441B-8817-DBD7A587624A}"
EndProject
Project("{2150E333-8FDC-42A3-9474-1A3956D46DE8}") = "Lab5", "Lab5", "{3D8B1AFB-EB6E-4BAE-B41D-94744EF77E93}"
EndProject
Project("{FAE04EC0-301F-11D3-BF4B-00C04F79EFBC}") = "Lab5", "Lab5\Lab5.csproj", "{36777BB9-3460-429D-8D33-88C0F60D7AF2}"
EndProject
Project("{2150E333-8FDC-42A3-9474-1A3956D46DE8}") = "Lab6", "Lab6", "{8B3ABC13-3054-456D-B6C1-8C71E89F9808}"
EndProject
Project("{FAE04EC0-301F-11D3-BF4B-00C04F79EFBC}") = "RealEstateAgency.DataAccess", "RealEstateAgency.DataAccess\RealEstateAgency.DataAccess.csproj", "{42927CB5-5201-4A04-8A78-79E44CF976D9}"
EndProject
Project("{FAE04EC0-301F-11D3-BF4B-00C04F79EFBC}") = "RealEstateAgency.WPF", "RealEstateAgency.WPF\RealEstateAgency.WPF.csproj", "{B02A6128-3AA6-4056-9F15-876261A62971}"
EndProject
Project("{2150E333-8FDC-42A3-9474-1A3956D46DE8}") = "Lab7", "Lab7", "{52A8C7A0-DC7D-4920-9658-49976B035D3D}"
EndProject
Project("{FAE04EC0-301F-11D3-BF4B-00C04F79EFBC}") = "RealEstateAgency.EF.DataAccess", "RealEstateAgency.EF.DataAccess\RealEstateAgency.EF.DataAccess.csproj", "{6C2AE34E-6656-46D2-BD6E-80E5D32A0B0C}"
EndProject
Project("{FAE04EC0-301F-11D3-BF4B-00C04F79EFBC}") = "RealEstateAgency.EF.WPF", "RealEstateAgency.EF.WPF\RealEstateAgency.EF.WPF.csproj", "{D856E855-6DE2-4B3D-9AD3-F7E239BE4FEB}"
EndProject
Project("{2150E333-8FDC-42A3-9474-1A3956D46DE8}") = "Lab9", "Lab9", "{0CBFAD9D-F173-4D12-B417-73F153D76587}"
EndProject
Project("{FAE04EC0-301F-11D3-BF4B-00C04F79EFBC}") = "Lab9", "Lab9\Lab9.csproj", "{85929BE0-E892-42D5-872B-60814DEA00C4}"
EndProject
Project("{2150E333-8FDC-42A3-9474-1A3956D46DE8}") = "Lab8", "Lab8", "{ADD5FC04-2974-4E76-83E2-DB51E59533FE}"
EndProject
Project("{FAE04EC0-301F-11D3-BF4B-00C04F79EFBC}") = "CandyShop.DataAccess", "CandyShop.DataAccess\CandyShop.DataAccess.csproj", "{5A395FC9-96F2-43F6-8305-E38733FD63A2}"
EndProject
Project("{FAE04EC0-301F-11D3-BF4B-00C04F79EFBC}") = "CandyShop.Web", "CandyShop.Web\CandyShop.Web.csproj", "{2A36D8DC-A55D-4848-BB71-D03B5A82E961}"
EndProject
Global
	GlobalSection(SolutionConfigurationPlatforms) = preSolution
		Debug|Any CPU = Debug|Any CPU
		Release|Any CPU = Release|Any CPU
	EndGlobalSection
	GlobalSection(ProjectConfigurationPlatforms) = postSolution
		{6F9E3C07-152A-4FB1-9241-DF3F032DFD17}.Debug|Any CPU.ActiveCfg = Debug|Any CPU
		{6F9E3C07-152A-4FB1-9241-DF3F032DFD17}.Debug|Any CPU.Build.0 = Debug|Any CPU
		{6F9E3C07-152A-4FB1-9241-DF3F032DFD17}.Release|Any CPU.ActiveCfg = Release|Any CPU
		{6F9E3C07-152A-4FB1-9241-DF3F032DFD17}.Release|Any CPU.Build.0 = Release|Any CPU
		{158D5EC3-A5F8-492A-A8E8-0935184AAAC3}.Debug|Any CPU.ActiveCfg = Debug|Any CPU
		{158D5EC3-A5F8-492A-A8E8-0935184AAAC3}.Debug|Any CPU.Build.0 = Debug|Any CPU
		{158D5EC3-A5F8-492A-A8E8-0935184AAAC3}.Release|Any CPU.ActiveCfg = Release|Any CPU
		{158D5EC3-A5F8-492A-A8E8-0935184AAAC3}.Release|Any CPU.Build.0 = Release|Any CPU
		{8ECF1FA0-97F3-42F9-B47C-35811F329F36}.Debug|Any CPU.ActiveCfg = Debug|Any CPU
		{8ECF1FA0-97F3-42F9-B47C-35811F329F36}.Debug|Any CPU.Build.0 = Debug|Any CPU
		{8ECF1FA0-97F3-42F9-B47C-35811F329F36}.Release|Any CPU.ActiveCfg = Release|Any CPU
		{8ECF1FA0-97F3-42F9-B47C-35811F329F36}.Release|Any CPU.Build.0 = Release|Any CPU
		{3771FA61-C2E4-441B-8817-DBD7A587624A}.Debug|Any CPU.ActiveCfg = Debug|Any CPU
		{3771FA61-C2E4-441B-8817-DBD7A587624A}.Debug|Any CPU.Build.0 = Debug|Any CPU
		{3771FA61-C2E4-441B-8817-DBD7A587624A}.Release|Any CPU.ActiveCfg = Release|Any CPU
		{3771FA61-C2E4-441B-8817-DBD7A587624A}.Release|Any CPU.Build.0 = Release|Any CPU
		{36777BB9-3460-429D-8D33-88C0F60D7AF2}.Debug|Any CPU.ActiveCfg = Debug|Any CPU
		{36777BB9-3460-429D-8D33-88C0F60D7AF2}.Debug|Any CPU.Build.0 = Debug|Any CPU
		{36777BB9-3460-429D-8D33-88C0F60D7AF2}.Release|Any CPU.ActiveCfg = Release|Any CPU
		{36777BB9-3460-429D-8D33-88C0F60D7AF2}.Release|Any CPU.Build.0 = Release|Any CPU
		{42927CB5-5201-4A04-8A78-79E44CF976D9}.Debug|Any CPU.ActiveCfg = Debug|Any CPU
		{42927CB5-5201-4A04-8A78-79E44CF976D9}.Debug|Any CPU.Build.0 = Debug|Any CPU
		{42927CB5-5201-4A04-8A78-79E44CF976D9}.Release|Any CPU.ActiveCfg = Release|Any CPU
		{42927CB5-5201-4A04-8A78-79E44CF976D9}.Release|Any CPU.Build.0 = Release|Any CPU
		{B02A6128-3AA6-4056-9F15-876261A62971}.Debug|Any CPU.ActiveCfg = Debug|Any CPU
		{B02A6128-3AA6-4056-9F15-876261A62971}.Debug|Any CPU.Build.0 = Debug|Any CPU
		{B02A6128-3AA6-4056-9F15-876261A62971}.Release|Any CPU.ActiveCfg = Release|Any CPU
		{B02A6128-3AA6-4056-9F15-876261A62971}.Release|Any CPU.Build.0 = Release|Any CPU
		{6C2AE34E-6656-46D2-BD6E-80E5D32A0B0C}.Debug|Any CPU.ActiveCfg = Debug|Any CPU
		{6C2AE34E-6656-46D2-BD6E-80E5D32A0B0C}.Debug|Any CPU.Build.0 = Debug|Any CPU
		{6C2AE34E-6656-46D2-BD6E-80E5D32A0B0C}.Release|Any CPU.ActiveCfg = Release|Any CPU
		{6C2AE34E-6656-46D2-BD6E-80E5D32A0B0C}.Release|Any CPU.Build.0 = Release|Any CPU
		{D856E855-6DE2-4B3D-9AD3-F7E239BE4FEB}.Debug|Any CPU.ActiveCfg = Debug|Any CPU
		{D856E855-6DE2-4B3D-9AD3-F7E239BE4FEB}.Debug|Any CPU.Build.0 = Debug|Any CPU
		{D856E855-6DE2-4B3D-9AD3-F7E239BE4FEB}.Release|Any CPU.ActiveCfg = Release|Any CPU
		{D856E855-6DE2-4B3D-9AD3-F7E239BE4FEB}.Release|Any CPU.Build.0 = Release|Any CPU
		{85929BE0-E892-42D5-872B-60814DEA00C4}.Debug|Any CPU.ActiveCfg = Debug|Any CPU
		{85929BE0-E892-42D5-872B-60814DEA00C4}.Debug|Any CPU.Build.0 = Debug|Any CPU
		{85929BE0-E892-42D5-872B-60814DEA00C4}.Release|Any CPU.ActiveCfg = Release|Any CPU
		{85929BE0-E892-42D5-872B-60814DEA00C4}.Release|Any CPU.Build.0 = Release|Any CPU
		{5A395FC9-96F2-43F6-8305-E38733FD63A2}.Debug|Any CPU.ActiveCfg = Debug|Any CPU
		{5A395FC9-96F2-43F6-8305-E38733FD63A2}.Debug|Any CPU.Build.0 = Debug|Any CPU
		{5A395FC9-96F2-43F6-8305-E38733FD63A2}.Release|Any CPU.ActiveCfg = Release|Any CPU
		{5A395FC9-96F2-43F6-8305-E38733FD63A2}.Release|Any CPU.Build.0 = Release|Any CPU
		{2A36D8DC-A55D-4848-BB71-D03B5A82E961}.Debug|Any CPU.ActiveCfg = Debug|Any CPU
		{2A36D8DC-A55D-4848-BB71-D03B5A82E961}.Debug|Any CPU.Build.0 = Debug|Any CPU
		{2A36D8DC-A55D-4848-BB71-D03B5A82E961}.Release|Any CPU.ActiveCfg = Release|Any CPU
		{2A36D8DC-A55D-4848-BB71-D03B5A82E961}.Release|Any CPU.Build.0 = Release|Any CPU
	EndGlobalSection
	GlobalSection(SolutionProperties) = preSolution
		HideSolutionNode = FALSE
	EndGlobalSection
	GlobalSection(NestedProjects) = preSolution
		{6F9E3C07-152A-4FB1-9241-DF3F032DFD17} = {36D591C7-65C7-A0D1-1CBC-10CDE441BDC8}
		{158D5EC3-A5F8-492A-A8E8-0935184AAAC3} = {4DB0917B-A97B-4AF8-B0CC-2E4AA6D00952}
		{8ECF1FA0-97F3-42F9-B47C-35811F329F36} = {646E9406-878D-4F17-A26A-4CB6E3586B86}
		{3771FA61-C2E4-441B-8817-DBD7A587624A} = {BCE5A11C-778F-4796-AFBC-D7D888F16734}
		{36777BB9-3460-429D-8D33-88C0F60D7AF2} = {3D8B1AFB-EB6E-4BAE-B41D-94744EF77E93}
		{42927CB5-5201-4A04-8A78-79E44CF976D9} = {8B3ABC13-3054-456D-B6C1-8C71E89F9808}
		{B02A6128-3AA6-4056-9F15-876261A62971} = {8B3ABC13-3054-456D-B6C1-8C71E89F9808}
		{6C2AE34E-6656-46D2-BD6E-80E5D32A0B0C} = {52A8C7A0-DC7D-4920-9658-49976B035D3D}
		{D856E855-6DE2-4B3D-9AD3-F7E239BE4FEB} = {52A8C7A0-DC7D-4920-9658-49976B035D3D}
		{85929BE0-E892-42D5-872B-60814DEA00C4} = {0CBFAD9D-F173-4D12-B417-73F153D76587}
		{5A395FC9-96F2-43F6-8305-E38733FD63A2} = {ADD5FC04-2974-4E76-83E2-DB51E59533FE}
		{2A36D8DC-A55D-4848-BB71-D03B5A82E961} = {ADD5FC04-2974-4E76-83E2-DB51E59533FE}
	EndGlobalSection
	GlobalSection(ExtensibilityGlobals) = postSolution
		SolutionGuid = {097F5C9A-70F1-4983-B094-032FE1829BFD}
	EndGlobalSection
EndGlobal
